
Microsoft Visual Studio Solution File, Format Version 12.00
# Visual Studio Version 16
VisualStudioVersion = 16.0.31702.278
MinimumVisualStudioVersion = 10.0.40219.1
Project("{FAE04EC0-301F-11D3-BF4B-00C04F79EFBC}") = "EmployeeWageMonth", "EmployeeWageMonth.csproj", "{E6F5BC60-8BB1-458B-8AED-C7EFF579709B}"
EndProject
Global
	GlobalSection(SolutionConfigurationPlatforms) = preSolution
		Debug|Any CPU = Debug|Any CPU
		Release|Any CPU = Release|Any CPU
	EndGlobalSection
	GlobalSection(ProjectConfigurationPlatforms) = postSolution
		{E6F5BC60-8BB1-458B-8AED-C7EFF579709B}.Debug|Any CPU.ActiveCfg = Debug|Any CPU
		{E6F5BC60-8BB1-458B-8AED-C7EFF579709B}.Debug|Any CPU.Build.0 = Debug|Any CPU
		{E6F5BC60-8BB1-458B-8AED-C7EFF579709B}.Release|Any CPU.ActiveCfg = Release|Any CPU
		{E6F5BC60-8BB1-458B-8AED-C7EFF579709B}.Release|Any CPU.Build.0 = Release|Any CPU
	EndGlobalSection
	GlobalSection(SolutionProperties) = preSolution
		HideSolutionNode = FALSE
	EndGlobalSection
	GlobalSection(ExtensibilityGlobals) = postSolution
		SolutionGuid = {389C877D-7A9B-4A07-88A0-F35D52BBB381}
	EndGlobalSection
EndGlobal
